
Microsoft Visual Studio Solution File, Format Version 12.00
# Visual Studio 15
VisualStudioVersion = 15.0.27703.2042
MinimumVisualStudioVersion = 10.0.40219.1
Project("{FAE04EC0-301F-11D3-BF4B-00C04F79EFBC}") = "Archipalgo", "Archipalgo\Archipalgo.csproj", "{BE4C39CB-E2B5-4E35-911B-F4843486D408}"
EndProject
Project("{FAE04EC0-301F-11D3-BF4B-00C04F79EFBC}") = "Archipalgo.Models", "Archipalgo.Models\Archipalgo.Models.csproj", "{1CDE36FD-959F-407A-A329-1A8248B11C33}"
EndProject
Global
	GlobalSection(SolutionConfigurationPlatforms) = preSolution
		Debug|Any CPU = Debug|Any CPU
		Release|Any CPU = Release|Any CPU
	EndGlobalSection
	GlobalSection(ProjectConfigurationPlatforms) = postSolution
		{BE4C39CB-E2B5-4E35-911B-F4843486D408}.Debug|Any CPU.ActiveCfg = Debug|Any CPU
		{BE4C39CB-E2B5-4E35-911B-F4843486D408}.Debug|Any CPU.Build.0 = Debug|Any CPU
		{BE4C39CB-E2B5-4E35-911B-F4843486D408}.Release|Any CPU.ActiveCfg = Release|Any CPU
		{BE4C39CB-E2B5-4E35-911B-F4843486D408}.Release|Any CPU.Build.0 = Release|Any CPU
		{1CDE36FD-959F-407A-A329-1A8248B11C33}.Debug|Any CPU.ActiveCfg = Debug|Any CPU
		{1CDE36FD-959F-407A-A329-1A8248B11C33}.Debug|Any CPU.Build.0 = Debug|Any CPU
		{1CDE36FD-959F-407A-A329-1A8248B11C33}.Release|Any CPU.ActiveCfg = Release|Any CPU
		{1CDE36FD-959F-407A-A329-1A8248B11C33}.Release|Any CPU.Build.0 = Release|Any CPU
	EndGlobalSection
	GlobalSection(SolutionProperties) = preSolution
		HideSolutionNode = FALSE
	EndGlobalSection
	GlobalSection(ExtensibilityGlobals) = postSolution
		SolutionGuid = {A8B908A9-3A1A-4D7A-9D88-3F412EDF8D2F}
	EndGlobalSection
EndGlobal
